{
  "originHash" : "afc68d4af172302607d270ff6a68499115a105bf12203044665dbfb4fac63673",
  "pins" : [
    {
      "identity" : "posthog-ios",
      "kind" : "remoteSourceControl",
      "location" : "https://github.com/PostHog/posthog-ios.git",
      "state" : {
        "revision" : "179438b8e0c9a357ab0caf453577f766ffddbcb3",
        "version" : "3.59.3"
      }
    },
    {
      "identity" : "sentry-cocoa",
      "kind" : "remoteSourceControl",
      "location" : "https://github.com/getsentry/sentry-cocoa.git",
      "state" : {
        "revision" : "afa7510e05b99f35c1febe47566bfd868fa53fb9",
        "version" : "9.23.0"
      }
    },
    {
      "identity" : "webrtc",
      "kind" : "remoteSourceControl",
      "location" : "https://github.com/stasel/WebRTC.git",
      "state" : {
        "revision" : "1d04692697cb642bfebf6ad2dd99fe52649c3d6d",
        "version" : "152.0.0"
      }
    }
  ],
  "version" : 3
}
